{
    "_readme": [
        "This file locks the dependencies of your project to a known state",
        "Read more about it at https://getcomposer.org/doc/01-basic-usage.md#composer-lock-the-lock-file",
        "This file is @generated automatically"
    ],
    "hash": "ee7bd7c4cb1079d0451efaa73d6bc852",
    "content-hash": "390f93483f18ee686d382377c977afc5",
    "packages": [
        {
            "name": "mpdf/mpdf",
            "version": "dev-master",
            "source": {
                "type": "git",
                "url": "https://github.com/mpdf/mpdf.git",
                "reference": "9f2d761e7ac1d89a6752a18036a597fa9ce2d8c7"
            },
            "dist": {
                "type": "zip",
                "url": "https://api.github.com/repos/mpdf/mpdf/zipball/9f2d761e7ac1d89a6752a18036a597fa9ce2d8c7",
                "reference": "9f2d761e7ac1d89a6752a18036a597fa9ce2d8c7",
                "shasum": ""
            },
            "require": {
                "ext-mbstring": "*",
                "php": ">=4.3.10"
            },
            "require-dev": {
                "phpunit/phpunit": "4.7.*"
            },
            "type": "library",
            "autoload": {
                "classmap": [
                    "mpdf.php",
                    "classes"
                ]
            },
            "notification-url": "https://packagist.org/downloads/",
            "license": [
                "GPL-2.0"
            ],
            "authors": [
                {
                    "name": "Ian Back",
                    "role": "Developer"
                }
            ],
            "description": "A PHP class to generate PDF files from HTML with Unicode/UTF-8 and CJK support",
            "homepage": "http://www.mpdf1.com/mpdf/index.php",
            "keywords": [
                "pdf",
                "php",
                "utf-8"
            ],
            "time": "2015-06-17 07:26:51"
        },
        {
            "name": "nategood/httpful",
            "version": "0.2.20",
            "source": {
                "type": "git",
                "url": "https://github.com/nategood/httpful.git",
                "reference": "c1cd4d46a4b281229032cf39d4dd852f9887c0f6"
            },
            "dist": {
                "type": "zip",
                "url": "https://api.github.com/repos/nategood/httpful/zipball/c1cd4d46a4b281229032cf39d4dd852f9887c0f6",
                "reference": "c1cd4d46a4b281229032cf39d4dd852f9887c0f6",
                "shasum": ""
            },
            "require": {
                "ext-curl": "*",
                "php": ">=5.3"
            },
            "require-dev": {
                "phpunit/phpunit": "*"
            },
            "type": "library",
            "autoload": {
                "psr-0": {
                    "Httpful": "src/"
                }
            },
            "notification-url": "https://packagist.org/downloads/",
            "license": [
                "MIT"
            ],
            "authors": [
                {
                    "name": "Nate Good",
                    "email": "me@nategood.com",
                    "homepage": "http://nategood.com"
                }
            ],
            "description": "A Readable, Chainable, REST friendly, PHP HTTP Client",
            "homepage": "http://github.com/nategood/httpful",
            "keywords": [
                "api",
                "curl",
                "http",
                "requests",
                "rest",
                "restful"
            ],
            "time": "2015-10-26 16:11:30"
        },
        {
            "name": "zaininnari/html-minifier",
            "version": "dev-master",
            "source": {
                "type": "git",
                "url": "https://github.com/zaininnari/html-minifier.git",
                "reference": "5b94d85705626f9bb33b7c667bc4400088ed4ece"
            },
            "dist": {
                "type": "zip",
                "url": "https://api.github.com/repos/zaininnari/html-minifier/zipball/5b94d85705626f9bb33b7c667bc4400088ed4ece",
                "reference": "5b94d85705626f9bb33b7c667bc4400088ed4ece",
                "shasum": ""
            },
            "require": {
                "php": ">=5.3.0"
            },
            "require-dev": {
                "satooshi/php-coveralls": "dev-master"
            },
            "type": "library",
            "autoload": {
                "psr-0": {
                    "zz": "src/"
                }
            },
            "notification-url": "https://packagist.org/downloads/",
            "license": [
                "The BSD 3-Clause License"
            ],
            "authors": [
                {
                    "name": "Google inc",
                    "homepage": "http://www.chromium.org/blink",
                    "role": "Author"
                },
                {
                    "name": "zaininnari",
                    "homepage": "https://github.com/zaininnari/",
                    "role": "Developer"
                }
            ],
            "description": "The Blink HTMLTokenizer ported to PHP.",
            "homepage": "https://github.com/zaininnari/html-minifier",
            "keywords": [
                "Blink",
                "HTML minify",
                "php"
            ],
            "time": "2015-08-18 14:10:55"
        }
    ],
    "packages-dev": [
        {
            "name": "symfony/var-dumper",
            "version": "v2.7.6",
            "source": {
                "type": "git",
                "url": "https://github.com/symfony/var-dumper.git",
                "reference": "eb033050050916b6bfa51be71009ef67b16046c9"
            },
            "dist": {
                "type": "zip",
                "url": "https://api.github.com/repos/symfony/var-dumper/zipball/eb033050050916b6bfa51be71009ef67b16046c9",
                "reference": "eb033050050916b6bfa51be71009ef67b16046c9",
                "shasum": ""
            },
            "require": {
                "php": ">=5.3.9"
            },
            "suggest": {
                "ext-symfony_debug": ""
            },
            "type": "library",
            "extra": {
                "branch-alias": {
                    "dev-master": "2.7-dev"
                }
            },
            "autoload": {
                "files": [
                    "Resources/functions/dump.php"
                ],
                "psr-4": {
                    "Symfony\\Component\\VarDumper\\": ""
                }
            },
            "notification-url": "https://packagist.org/downloads/",
            "license": [
                "MIT"
            ],
            "authors": [
                {
                    "name": "Nicolas Grekas",
                    "email": "p@tchwork.com"
                },
                {
                    "name": "Symfony Community",
                    "homepage": "https://symfony.com/contributors"
                }
            ],
            "description": "Symfony mechanism for exploring and dumping PHP variables",
            "homepage": "https://symfony.com",
            "keywords": [
                "debug",
                "dump"
            ],
            "time": "2015-10-25 17:17:38"
        }
    ],
    "aliases": [],
    "minimum-stability": "stable",
    "stability-flags": {
        "zaininnari/html-minifier": 20,
        "mpdf/mpdf": 20
    },
    "prefer-stable": false,
    "prefer-lowest": false,
    "platform": {
        "php": ">=5.4.0"
    },
    "platform-dev": []
}
